
Microsoft Visual Studio Solution File, Format Version 12.00
# Visual Studio Version 17
VisualStudioVersion = 17.13.35818.85 d17.13
MinimumVisualStudioVersion = 10.0.40219.1
Project("{FAE04EC0-301F-11D3-BF4B-00C04F79EFBC}") = "tpmodul6_103022300087", "tpmodul6_103022300087\tpmodul6_103022300087.csproj", "{0991844D-0A92-4A10-83FC-839F3E8069E2}"
EndProject
Global
	GlobalSection(SolutionConfigurationPlatforms) = preSolution
		Debug|Any CPU = Debug|Any CPU
		Release|Any CPU = Release|Any CPU
	EndGlobalSection
	GlobalSection(ProjectConfigurationPlatforms) = postSolution
		{0991844D-0A92-4A10-83FC-839F3E8069E2}.Debug|Any CPU.ActiveCfg = Debug|Any CPU
		{0991844D-0A92-4A10-83FC-839F3E8069E2}.Debug|Any CPU.Build.0 = Debug|Any CPU
		{0991844D-0A92-4A10-83FC-839F3E8069E2}.Release|Any CPU.ActiveCfg = Release|Any CPU
		{0991844D-0A92-4A10-83FC-839F3E8069E2}.Release|Any CPU.Build.0 = Release|Any CPU
	EndGlobalSection
	GlobalSection(SolutionProperties) = preSolution
		HideSolutionNode = FALSE
	EndGlobalSection
	GlobalSection(ExtensibilityGlobals) = postSolution
		SolutionGuid = {56E9FDAB-1B3F-4F16-9713-5B69874B1A80}
	EndGlobalSection
EndGlobal
